// !$*UTF8*$!
{
	archiveVersion = 1;
	classes = {
	};
	objectVersion = 48;
	objects = {

/* Begin PBXBuildFile section */
		2D28E70B1F8D590200A97811 /* AppDelegate.swift in Sources */ = {isa = PBXBuildFile; fileRef = 2D28E70A1F8D590200A97811 /* AppDelegate.swift */; };
		2D28E7101F8D590200A97811 /* Main.storyboard in Resources */ = {isa = PBXBuildFile; fileRef = 2D28E70E1F8D590200A97811 /* Main.storyboard */; };
		2D28E7121F8D590200A97811 /* Assets.xcassets in Resources */ = {isa = PBXBuildFile; fileRef = 2D28E7111F8D590200A97811 /* Assets.xcassets */; };
		2D28E7151F8D590200A97811 /* LaunchScreen.storyboard in Resources */ = {isa = PBXBuildFile; fileRef = 2D28E7131F8D590200A97811 /* LaunchScreen.storyboard */; };
		2D28E71D1F8D5ACC00A97811 /* ComplexJSON.txt in Resources */ = {isa = PBXBuildFile; fileRef = 2D28E71C1F8D591400A97811 /* ComplexJSON.txt */; };
		2D2B1B6C1F8FC56E007227C5 /* WebsiteData.swift in Sources */ = {isa = PBXBuildFile; fileRef = 2D2B1B6B1F8FC56E007227C5 /* WebsiteData.swift */; };
		2D2B1B6E1F8FCFB5007227C5 /* CakeTableViewController.swift in Sources */ = {isa = PBXBuildFile; fileRef = 2D2B1B6D1F8FCFB5007227C5 /* CakeTableViewController.swift */; };
/* End PBXBuildFile section */

/* Begin PBXFileReference section */
		2D28E7071F8D590200A97811 /* ParsingComplex.app */ = {isa = PBXFileReference; explicitFileType = wrapper.application; includeInIndex = 0; path = ParsingComplex.app; sourceTree = BUILT_PRODUCTS_DIR; };
		2D28E70A1F8D590200A97811 /* AppDelegate.swift */ = {isa = PBXFileReference; lastKnownFileType = sourcecode.swift; path = AppDelegate.swift; sourceTree = "<group>"; };
		2D28E70F1F8D590200A97811 /* Base */ = {isa = PBXFileReference; lastKnownFileType = file.storyboard; name = Base; path = Base.lproj/Main.storyboard; sourceTree = "<group>"; };
		2D28E7111F8D590200A97811 /* Assets.xcassets */ = {isa = PBXFileReference; lastKnownFileType = folder.assetcatalog; path = Assets.xcassets; sourceTree = "<group>"; };
		2D28E7141F8D590200A97811 /* Base */ = {isa = PBXFileReference; lastKnownFileType = file.storyboard; name = Base; path = Base.lproj/LaunchScreen.storyboard; sourceTree = "<group>"; };
		2D28E7161F8D590200A97811 /* Info.plist */ = {isa = PBXFileReference; lastKnownFileType = text.plist.xml; path = Info.plist; sourceTree = "<group>"; };
		2D28E71C1F8D591400A97811 /* ComplexJSON.txt */ = {isa = PBXFileReference; lastKnownFileType = text; path = ComplexJSON.txt; sourceTree = "<group>"; };
		2D2B1B6B1F8FC56E007227C5 /* WebsiteData.swift */ = {isa = PBXFileReference; lastKnownFileType = sourcecode.swift; path = WebsiteData.swift; sourceTree = "<group>"; };
		2D2B1B6D1F8FCFB5007227C5 /* CakeTableViewController.swift */ = {isa = PBXFileReference; lastKnownFileType = sourcecode.swift; path = CakeTableViewController.swift; sourceTree = "<group>"; };
/* End PBXFileReference section */

/* Begin PBXFrameworksBuildPhase section */
		2D28E7041F8D590200A97811 /* Frameworks */ = {
			isa = PBXFrameworksBuildPhase;
			buildActionMask = 2147483647;
			files = (
			);
			runOnlyForDeploymentPostprocessing = 0;
		};
/* End PBXFrameworksBuildPhase section */

/* Begin PBXGroup section */
		2D28E6FE1F8D590200A97811 = {
			isa = PBXGroup;
			children = (
				2D28E7091F8D590200A97811 /* ParsingComplex */,
				2D28E7081F8D590200A97811 /* Products */,
			);
			sourceTree = "<group>";
		};
		2D28E7081F8D590200A97811 /* Products */ = {
			isa = PBXGroup;
			children = (
				2D28E7071F8D590200A97811 /* ParsingComplex.app */,
			);
			name = Products;
			sourceTree = "<group>";
		};
		2D28E7091F8D590200A97811 /* ParsingComplex */ = {
			isa = PBXGroup;
			children = (
				2D28E70A1F8D590200A97811 /* AppDelegate.swift */,
				2D2B1B6D1F8FCFB5007227C5 /* CakeTableViewController.swift */,
				2D2B1B6B1F8FC56E007227C5 /* WebsiteData.swift */,
				2D28E71C1F8D591400A97811 /* ComplexJSON.txt */,
				2D28E7111F8D590200A97811 /* Assets.xcassets */,
				2D28E70E1F8D590200A97811 /* Main.storyboard */,
				2D28E7131F8D590200A97811 /* LaunchScreen.storyboard */,
				2D28E7161F8D590200A97811 /* Info.plist */,
			);
			path = ParsingComplex;
			sourceTree = "<group>";
		};
/* End PBXGroup section */

/* Begin PBXNativeTarget section */
		2D28E7061F8D590200A97811 /* ParsingComplex */ = {
			isa = PBXNativeTarget;
			buildConfigurationList = 2D28E7191F8D590200A97811 /* Build configuration list for PBXNativeTarget "ParsingComplex" */;
			buildPhases = (
				2D28E7031F8D590200A97811 /* Sources */,
				2D28E7041F8D590200A97811 /* Frameworks */,
				2D28E7051F8D590200A97811 /* Resources */,
			);
			buildRules = (
			);
			dependencies = (
			);
			name = ParsingComplex;
			productName = ParsingComplex;
			productReference = 2D28E7071F8D590200A97811 /* ParsingComplex.app */;
			productType = "com.apple.product-type.application";
		};
/* End PBXNativeTarget section */

/* Begin PBXProject section */
		2D28E6FF1F8D590200A97811 /* Project object */ = {
			isa = PBXProject;
			attributes = {
				LastSwiftUpdateCheck = 0900;
				LastUpgradeCheck = 0900;
				ORGANIZATIONNAME = "Jon Olivet";
				TargetAttributes = {
					2D28E7061F8D590200A97811 = {
						CreatedOnToolsVersion = 9.0;
						ProvisioningStyle = Automatic;
					};
				};
			};
			buildConfigurationList = 2D28E7021F8D590200A97811 /* Build configuration list for PBXProject "ParsingComplex" */;
			compatibilityVersion = "Xcode 8.0";
			developmentRegion = en;
			hasScannedForEncodings = 0;
			knownRegions = (
				en,
				Base,
			);
			mainGroup = 2D28E6FE1F8D590200A97811;
			productRefGroup = 2D28E7081F8D590200A97811 /* Products */;
			projectDirPath = "";
			projectRoot = "";
			targets = (
				2D28E7061F8D590200A97811 /* ParsingComplex */,
			);
		};
/* End PBXProject section */

/* Begin PBXResourcesBuildPhase section */
		2D28E7051F8D590200A97811 /* Resources */ = {
			isa = PBXResourcesBuildPhase;
			buildActionMask = 2147483647;
			files = (
				2D28E71D1F8D5ACC00A97811 /* ComplexJSON.txt in Resources */,
				2D28E7151F8D590200A97811 /* LaunchScreen.storyboard in Resources */,
				2D28E7121F8D590200A97811 /* Assets.xcassets in Resources */,
				2D28E7101F8D590200A97811 /* Main.storyboard in Resources */,
			);
			runOnlyForDeploymentPostprocessing = 0;
		};
/* End PBXResourcesBuildPhase section */

/* Begin PBXSourcesBuildPhase section */
		2D28E7031F8D590200A97811 /* Sources */ = {
			isa = PBXSourcesBuildPhase;
			buildActionMask = 2147483647;
			files = (
				2D28E70B1F8D590200A97811 /* AppDelegate.swift in Sources */,
				2D2B1B6C1F8FC56E007227C5 /* WebsiteData.swift in Sources */,
				2D2B1B6E1F8FCFB5007227C5 /* CakeTableViewController.swift in Sources */,
			);
			runOnlyForDeploymentPostprocessing = 0;
		};
/* End PBXSourcesBuildPhase section */

/* Begin PBXVariantGroup section */
		2D28E70E1F8D590200A97811 /* Main.storyboard */ = {
			isa = PBXVariantGroup;
			children = (
				2D28E70F1F8D590200A97811 /* Base */,
			);
			name = Main.storyboard;
			sourceTree = "<group>";
		};
		2D28E7131F8D590200A97811 /* LaunchScreen.storyboard */ = {
			isa = PBXVariantGroup;
			children = (
				2D28E7141F8D590200A97811 /* Base */,
			);
			name = LaunchScreen.storyboard;
			sourceTree = "<group>";
		};
/* End PBXVariantGroup section */

/* Begin XCBuildConfiguration section */
		2D28E7171F8D590200A97811 /* Debug */ = {
			isa = XCBuildConfiguration;
			buildSettings = {
				ALWAYS_SEARCH_USER_PATHS = NO;
				CLANG_ANALYZER_NONNULL = YES;
				CLANG_ANALYZER_NUMBER_OBJECT_CONVERSION = YES_AGGRESSIVE;
				CLANG_CXX_LANGUAGE_STANDARD = "gnu++14";
				CLANG_CXX_LIBRARY = "libc++";
				CLANG_ENABLE_MODULES = YES;
				CLANG_ENABLE_OBJC_ARC = YES;
				CLANG_WARN_BLOCK_CAPTURE_AUTORELEASING = YES;
				CLANG_WARN_BOOL_CONVERSION = YES;
				CLANG_WARN_COMMA = YES;
				CLANG_WARN_CONSTANT_CONVERSION = YES;
				CLANG_WARN_DIRECT_OBJC_ISA_USAGE = YES_ERROR;
				CLANG_WARN_DOCUMENTATION_COMMENTS = YES;
				CLANG_WARN_EMPTY_BODY = YES;
				CLANG_WARN_ENUM_CONVERSION = YES;
				CLANG_WARN_INFINITE_RECURSION = YES;
				CLANG_WARN_INT_CONVERSION = YES;
				CLANG_WARN_NON_LITERAL_NULL_CONVERSION = YES;
				CLANG_WARN_OBJC_LITERAL_CONVERSION = YES;
				CLANG_WARN_OBJC_ROOT_CLASS = YES_ERROR;
				CLANG_WARN_RANGE_LOOP_ANALYSIS = YES;
				CLANG_WARN_STRICT_PROTOTYPES = YES;
				CLANG_WARN_SUSPICIOUS_MOVE = YES;
				CLANG_WARN_UNGUARDED_AVAILABILITY = YES_AGGRESSIVE;
				CLANG_WARN_UNREACHABLE_CODE = YES;
				CLANG_WARN__DUPLICATE_METHOD_MATCH = YES;
				CODE_SIGN_IDENTITY = "iPhone Developer";
				COPY_PHASE_STRIP = NO;
				DEBUG_INFORMATION_FORMAT = dwarf;
				ENABLE_STRICT_OBJC_MSGSEND = YES;
				ENABLE_TESTABILITY = YES;
				GCC_C_LANGUAGE_STANDARD = gnu11;
				GCC_DYNAMIC_NO_PIC = NO;
				GCC_NO_COMMON_BLOCKS = YES;
				GCC_OPTIMIZATION_LEVEL = 0;
				GCC_PREPROCESSOR_DEFINITIONS = (
					"DEBUG=1",
					"$(inherited)",
				);
				GCC_WARN_64_TO_32_BIT_CONVERSION = YES;
				GCC_WARN_ABOUT_RETURN_TYPE = YES_ERROR;
				GCC_WARN_UNDECLARED_SELECTOR = YES;
				GCC_WARN_UNINITIALIZED_AUTOS = YES_AGGRESSIVE;
				GCC_WARN_UNUSED_FUNCTION = YES;
				GCC_WARN_UNUSED_VARIABLE = YES;
				IPHONEOS_DEPLOYMENT_TARGET = 11.0;
				MTL_ENABLE_DEBUG_INFO = YES;
				ONLY_ACTIVE_ARCH = YES;
				SDKROOT = iphoneos;
				SWIFT_ACTIVE_COMPILATION_CONDITIONS = DEBUG;
				SWIFT_OPTIMIZATION_LEVEL = "-Onone";
			};
			name = Debug;
		};
		2D28E7181F8D590200A97811 /* Release */ = {
			isa = XCBuildConfiguration;
			buildSettings = {
				ALWAYS_SEARCH_USER_PATHS = NO;
				CLANG_ANALYZER_NONNULL = YES;
				CLANG_ANALYZER_NUMBER_OBJECT_CONVERSION = YES_AGGRESSIVE;
				CLANG_CXX_LANGUAGE_STANDARD = "gnu++14";
				CLANG_CXX_LIBRARY = "libc++";
				CLANG_ENABLE_MODULES = YES;
				CLANG_ENABLE_OBJC_ARC = YES;
				CLANG_WARN_BLOCK_CAPTURE_AUTORELEASING = YES;
				CLANG_WARN_BOOL_CONVERSION = YES;
				CLANG_WARN_COMMA = YES;
				CLANG_WARN_CONSTANT_CONVERSION = YES;
				CLANG_WARN_DIRECT_OBJC_ISA_USAGE = YES_ERROR;
				CLANG_WARN_DOCUMENTATION_COMMENTS = YES;
				CLANG_WARN_EMPTY_BODY = YES;
				CLANG_WARN_ENUM_CONVERSION = YES;
				CLANG_WARN_INFINITE_RECURSION = YES;
				CLANG_WARN_INT_CONVERSION = YES;
				CLANG_WARN_NON_LITERAL_NULL_CONVERSION = YES;
				CLANG_WARN_OBJC_LITERAL_CONVERSION = YES;
				CLANG_WARN_OBJC_ROOT_CLASS = YES_ERROR;
				CLANG_WARN_RANGE_LOOP_ANALYSIS = YES;
				CLANG_WARN_STRICT_PROTOTYPES = YES;
				CLANG_WARN_SUSPICIOUS_MOVE = YES;
				CLANG_WARN_UNGUARDED_AVAILABILITY = YES_AGGRESSIVE;
				CLANG_WARN_UNREACHABLE_CODE = YES;
				CLANG_WARN__DUPLICATE_METHOD_MATCH = YES;
				CODE_SIGN_IDENTITY = "iPhone Developer";
				COPY_PHASE_STRIP = NO;
				DEBUG_INFORMATION_FORMAT = "dwarf-with-dsym";
				ENABLE_NS_ASSERTIONS = NO;
				ENABLE_STRICT_OBJC_MSGSEND = YES;
				GCC_C_LANGUAGE_STANDARD = gnu11;
				GCC_NO_COMMON_BLOCKS = YES;
				GCC_WARN_64_TO_32_BIT_CONVERSION = YES;
				GCC_WARN_ABOUT_RETURN_TYPE = YES_ERROR;
				GCC_WARN_UNDECLARED_SELECTOR = YES;
				GCC_WARN_UNINITIALIZED_AUTOS = YES_AGGRESSIVE;
				GCC_WARN_UNUSED_FUNCTION = YES;
				GCC_WARN_UNUSED_VARIABLE = YES;
				IPHONEOS_DEPLOYMENT_TARGET = 11.0;
				MTL_ENABLE_DEBUG_INFO = NO;
				SDKROOT = iphoneos;
				SWIFT_OPTIMIZATION_LEVEL = "-Owholemodule";
				VALIDATE_PRODUCT = YES;
			};
			name = Release;
		};
		2D28E71A1F8D590200A97811 /* Debug */ = {
			isa = XCBuildConfiguration;
			buildSettings = {
				ASSETCATALOG_COMPILER_APPICON_NAME = AppIcon;
				CODE_SIGN_STYLE = Automatic;
				DEVELOPMENT_TEAM = F7Z96QXV9V;
				INFOPLIST_FILE = ParsingComplex/Info.plist;
				LD_RUNPATH_SEARCH_PATHS = "$(inherited) @executable_path/Frameworks";
				PRODUCT_BUNDLE_IDENTIFIER = self.jonolivet.ParsingComplex;
				PRODUCT_NAME = "$(TARGET_NAME)";
				SWIFT_VERSION = 4.0;
				TARGETED_DEVICE_FAMILY = "1,2";
			};
			name = Debug;
		};
		2D28E71B1F8D590200A97811 /* Release */ = {
			isa = XCBuildConfiguration;
			buildSettings = {
				ASSETCATALOG_COMPILER_APPICON_NAME = AppIcon;
				CODE_SIGN_STYLE = Automatic;
				DEVELOPMENT_TEAM = F7Z96QXV9V;
				INFOPLIST_FILE = ParsingComplex/Info.plist;
				LD_RUNPATH_SEARCH_PATHS = "$(inherited) @executable_path/Frameworks";
				PRODUCT_BUNDLE_IDENTIFIER = self.jonolivet.ParsingComplex;
				PRODUCT_NAME = "$(TARGET_NAME)";
				SWIFT_VERSION = 4.0;
				TARGETED_DEVICE_FAMILY = "1,2";
			};
			name = Release;
		};
/* End XCBuildConfiguration section */

/* Begin XCConfigurationList section */
		2D28E7021F8D590200A97811 /* Build configuration list for PBXProject "ParsingComplex" */ = {
			isa = XCConfigurationList;
			buildConfigurations = (
				2D28E7171F8D590200A97811 /* Debug */,
				2D28E7181F8D590200A97811 /* Release */,
			);
			defaultConfigurationIsVisible = 0;
			defaultConfigurationName = Release;
		};
		2D28E7191F8D590200A97811 /* Build configuration list for PBXNativeTarget "ParsingComplex" */ = {
			isa = XCConfigurationList;
			buildConfigurations = (
				2D28E71A1F8D590200A97811 /* Debug */,
				2D28E71B1F8D590200A97811 /* Release */,
			);
			defaultConfigurationIsVisible = 0;
			defaultConfigurationName = Release;
		};
/* End XCConfigurationList section */
	};
	rootObject = 2D28E6FF1F8D590200A97811 /* Project object */;
}
